version = 1
revision = 3
requires-python = ">=3.14"

[[package]]
name = "annotated-types"
version = "0.8.0"
source = { registry = "https://nexus.corp.clover.com/repository/libs-python/simple" }
sdist = { url = "https://nexus.corp.clover.com/repository/libs-python/packages/annotated-types/0.8.0/annotated_types-0.8.0.tar.gz", hash = "sha256:13b2beaad985e05e2d6407ee4c4f35590b11f8d693a258a561055cac8f64cab7" }
wheels = [
    { url = "https://nexus.corp.clover.com/repository/libs-python/packages/annotated-types/0.8.0/annotated_types-0.8.0-py3-none-any.whl", hash = "sha256:f072f4d804ea359e4eaf198b1af7a8b0943881a87f31bb764f8bf219bb9419e0" },
]

[[package]]
name = "attrs"
version = "26.1.0"
source = { registry = "https://nexus.corp.clover.com/repository/libs-python/simple" }
sdist = { url = "https://nexus.corp.clover.com/repository/libs-python/packages/attrs/26.1.0/attrs-26.1.0.tar.gz", hash = "sha256:d03ceb89cb322a8fd706d4fb91940737b6642aa36998fe130a9bc96c985eff32" }
wheels = [
    { url = "https://nexus.corp.clover.com/repository/libs-python/packages/attrs/26.1.0/attrs-26.1.0-py3-none-any.whl", hash = "sha256:c647aa4a12dfbad9333ca4e71fe62ddc36f4e63b2d260a37a8b83d2f043ac309" },
]

[[package]]
name = "cattrs"
version = "26.1.0"
source = { registry = "https://nexus.corp.clover.com/repository/libs-python/simple" }
dependencies = [
    { name = "attrs" },
    { name = "typing-extensions" },
]
sdist = { url = "https://nexus.corp.clover.com/repository/libs-python/packages/cattrs/26.1.0/cattrs-26.1.0.tar.gz", hash = "sha256:fa239e0f0ec0715ba34852ce813986dfed1e12117e209b816ab87401271cdd40" }
wheels = [
    { url = "https://nexus.corp.clover.com/repository/libs-python/packages/cattrs/26.1.0/cattrs-26.1.0-py3-none-any.whl", hash = "sha256:d1e0804c42639494d469d08d4f26d6b9de9b8ab26b446db7b5f8c2e97f7c3096" },
]

[[package]]
name = "click"
version = "8.5.0"
source = { registry = "https://nexus.corp.clover.com/repository/libs-python/simple" }
sdist = { url = "https://nexus.corp.clover.com/repository/libs-python/packages/click/8.5.0/click-8.5.0.tar.gz", hash = "sha256:ba0d2089de75ea0310e2dde03160e6ca10009947fb95a182f9b54021bb272e34" }
wheels = [
    { url = "https://nexus.corp.clover.com/repository/libs-python/packages/click/8.5.0/click-8.5.0-py3-none-any.whl", hash = "sha256:255bc9599cf7748b4b1a446ccc735421bd08a2ae529a8b88597d3de5664ee360" },
]

[[package]]
name = "cluster-template"
version = "0.0.0"
source = { virtual = "." }
dependencies = [
    { name = "makejinja" },
    { name = "pydantic" },
]

[package.dev-dependencies]
dev = [
    { name = "pytest" },
]

[package.metadata]
requires-dist = [
    { name = "makejinja", specifier = "==2.8.2" },
    { name = "pydantic", specifier = "==2.13.5" },
]

[package.metadata.requires-dev]
dev = [{ name = "pytest", specifier = ">=8" }]

[[package]]
name = "colorama"
version = "0.4.6"
source = { registry = "https://nexus.corp.clover.com/repository/libs-python/simple" }
sdist = { url = "https://nexus.corp.clover.com/repository/libs-python/packages/colorama/0.4.6/colorama-0.4.6.tar.gz", hash = "sha256:08695f5cb7ed6e0531a20572697297273c47b8cae5a63ffc6d6ed5c201be6e44" }
wheels = [
    { url = "https://nexus.corp.clover.com/repository/libs-python/packages/colorama/0.4.6/colorama-0.4.6-py2.py3-none-any.whl", hash = "sha256:4f1d9991f5acc0ca119f9d443620b77f9d6b33703e51011c16baf57afb285fc6" },
]

[[package]]
name = "frozendict"
version = "2.4.7"
source = { registry = "https://nexus.corp.clover.com/repository/libs-python/simple" }
sdist = { url = "https://nexus.corp.clover.com/repository/libs-python/packages/frozendict/2.4.7/frozendict-2.4.7.tar.gz", hash = "sha256:e478fb2a1391a56c8a6e10cc97c4a9002b410ecd1ac28c18d780661762e271bd" }
wheels = [
    { url = "https://nexus.corp.clover.com/repository/libs-python/packages/frozendict/2.4.7/frozendict-2.4.7-py3-none-any.whl", hash = "sha256:972af65924ea25cf5b4d9326d549e69a9a4918d8a76a9d3a7cd174d98b237550" },
]

[[package]]
name = "iniconfig"
version = "2.3.0"
source = { registry = "https://nexus.corp.clover.com/repository/libs-python/simple" }
sdist = { url = "https://nexus.corp.clover.com/repository/libs-python/packages/iniconfig/2.3.0/iniconfig-2.3.0.tar.gz", hash = "sha256:c76315c77db068650d49c5b56314774a7804df16fee4402c1f19d6d15d8c4730" }
wheels = [
    { url = "https://nexus.corp.clover.com/repository/libs-python/packages/iniconfig/2.3.0/iniconfig-2.3.0-py3-none-any.whl", hash = "sha256:f631c04d2c48c52b84d0d0549c99ff3859c98df65b3101406327ecc7d53fbf12" },
]

[[package]]
name = "jinja2"
version = "3.1.6"
source = { registry = "https://nexus.corp.clover.com/repository/libs-python/simple" }
dependencies = [
    { name = "markupsafe" },
]
sdist = { url = "https://nexus.corp.clover.com/repository/libs-python/packages/jinja2/3.1.6/jinja2-3.1.6.tar.gz", hash = "sha256:0137fb05990d35f1275a587e9aee6d56da821fc83491a0fb838183be43f66d6d" }
wheels = [
    { url = "https://nexus.corp.clover.com/repository/libs-python/packages/jinja2/3.1.6/jinja2-3.1.6-py3-none-any.whl", hash = "sha256:85ece4451f492d0c13c5dd7c13a64681a86afae63a5f347908daf103ce6d2f67" },
]

[[package]]
name = "makejinja"
version = "2.8.2"
source = { registry = "https://nexus.corp.clover.com/repository/libs-python/simple" }
dependencies = [
    { name = "frozendict" },
    { name = "jinja2" },
    { name = "pyyaml" },
    { name = "rich-click" },
    { name = "typed-settings", extra = ["attrs", "cattrs", "click"] },
]
sdist = { url = "https://nexus.corp.clover.com/repository/libs-python/packages/makejinja/2.8.2/makejinja-2.8.2.tar.gz", hash = "sha256:302ffbd974d5786508101f0a01627b7516255f89aef7d2183f56485e0991a80a" }
wheels = [
    { url = "https://nexus.corp.clover.com/repository/libs-python/packages/makejinja/2.8.2/makejinja-2.8.2-py3-none-any.whl", hash = "sha256:f91fed7f7328c690c10a8f3920ed46a72108fb81205b74fb5f2f56e6c57c7547" },
]

[[package]]
name = "markdown-it-py"
version = "4.2.0"
source = { registry = "https://nexus.corp.clover.com/repository/libs-python/simple" }
dependencies = [
    { name = "mdurl" },
]
sdist = { url = "https://nexus.corp.clover.com/repository/libs-python/packages/markdown-it-py/4.2.0/markdown_it_py-4.2.0.tar.gz", hash = "sha256:04a21681d6fbb623de53f6f364d352309d4094dd4194040a10fd51833e418d49" }
wheels = [
    { url = "https://nexus.corp.clover.com/repository/libs-python/packages/markdown-it-py/4.2.0/markdown_it_py-4.2.0-py3-none-any.whl", hash = "sha256:9f7ebbcd14fe59494226453aed97c1070d83f8d24b6fc3a3bcf9a38092641c4a" },
]

[[package]]
name = "markupsafe"
version = "3.0.3"
source = { registry = "https://nexus.corp.clover.com/repository/libs-python/simple" }
sdist = { url = "https://nexus.corp.clover.com/repository/libs-python/packages/markupsafe/3.0.3/markupsafe-3.0.3.tar.gz", hash = "sha256:722695808f4b6457b320fdc131280796bdceb04ab50fe1795cd540799ebe1698" }
wheels = [
    { url = "https://nexus.corp.clover.com/repository/libs-python/packages/markupsafe/3.0.3/markupsafe-3.0.3-cp314-cp314-macosx_10_13_x86_64.whl", hash = "sha256:eaa9599de571d72e2daf60164784109f19978b327a3910d3e9de8c97b5b70cfe" },
    { url = "https://nexus.corp.clover.com/repository/libs-python/packages/markupsafe/3.0.3/markupsafe-3.0.3-cp314-cp314-macosx_11_0_arm64.whl", hash = "sha256:c47a551199eb8eb2121d4f0f15ae0f923d31350ab9280078d1e5f12b249e0026" },
    { url = "https://nexus.corp.clover.com/repository/libs-python/packages/markupsafe/3.0.3/markupsafe-3.0.3-cp314-cp314-manylinux2014_aarch64.manylinux_2_17_aarch64.manylinux_2_28_aarch64.whl", hash = "sha256:f34c41761022dd093b4b6896d4810782ffbabe30f2d443ff5f083e0cbbb8c737" },
    { url = "https://nexus.corp.clover.com/repository/libs-python/packages/markupsafe/3.0.3/markupsafe-3.0.3-cp314-cp314-manylinux2014_x86_64.manylinux_2_17_x86_64.manylinux_2_28_x86_64.whl", hash = "sha256:457a69a9577064c05a97c41f4e65148652db078a3a509039e64d3467b9e7ef97" },
    { url = "https://nexus.corp.clover.com/repository/libs-python/packages/markupsafe/3.0.3/markupsafe-3.0.3-cp314-cp314-manylinux_2_31_riscv64.manylinux_2_39_riscv64.whl", hash = "sha256:e8afc3f2ccfa24215f8cb28dcf43f0113ac3c37c2f0f0806d8c70e4228c5cf4d" },
    { url = "https://nexus.corp.clover.com/repository/libs-python/packages/markupsafe/3.0.3/markupsafe-3.0.3-cp314-cp314-musllinux_1_2_aarch64.whl", hash = "sha256:ec15a59cf5af7be74194f7ab02d0f59a62bdcf1a537677ce67a2537c9b87fcda" },
    { url = "https://nexus.corp.clover.com/repository/libs-python/packages/markupsafe/3.0.3/markupsafe-3.0.3-cp314-cp314-musllinux_1_2_riscv64.whl", hash = "sha256:0eb9ff8191e8498cca014656ae6b8d61f39da5f95b488805da4bb029cccbfbaf" },
    { url = "https://nexus.corp.clover.com/repository/libs-python/packages/markupsafe/3.0.3/markupsafe-3.0.3-cp314-cp314-musllinux_1_2_x86_64.whl", hash = "sha256:2713baf880df847f2bece4230d4d094280f4e67b1e813eec43b4c0e144a34ffe" },
    { url = "https://nexus.corp.clover.com/repository/libs-python/packages/markupsafe/3.0.3/markupsafe-3.0.3-cp314-cp314-win32.whl", hash = "sha256:729586769a26dbceff69f7a7dbbf59ab6572b99d94576a5592625d5b411576b9" },
    { url = "https://nexus.corp.clover.com/repository/libs-python/packages/markupsafe/3.0.3/markupsafe-3.0.3-cp314-cp314-win_amd64.whl", hash = "sha256:bdc919ead48f234740ad807933cdf545180bfbe9342c2bb451556db2ed958581" },
    { url = "https://nexus.corp.clover.com/repository/libs-python/packages/markupsafe/3.0.3/markupsafe-3.0.3-cp314-cp314-win_arm64.whl", hash = "sha256:5a7d5dc5140555cf21a6fefbdbf8723f06fcd2f63ef108f2854de715e4422cb4" },
    { url = "https://nexus.corp.clover.com/repository/libs-python/packages/markupsafe/3.0.3/markupsafe-3.0.3-cp314-cp314t-macosx_10_13_x86_64.whl", hash = "sha256:1353ef0c1b138e1907ae78e2f6c63ff67501122006b0f9abad68fda5f4ffc6ab" },
    { url = "https://nexus.corp.clover.com/repository/libs-python/packages/markupsafe/3.0.3/markupsafe-3.0.3-cp314-cp314t-macosx_11_0_arm64.whl", hash = "sha256:1085e7fbddd3be5f89cc898938f42c0b3c711fdcb37d75221de2666af647c175" },
    { url = "https://nexus.corp.clover.com/repository/libs-python/packages/markupsafe/3.0.3/markupsafe-3.0.3-cp314-cp314t-manylinux2014_aarch64.manylinux_2_17_aarch64.manylinux_2_28_aarch64.whl", hash = "sha256:1b52b4fb9df4eb9ae465f8d0c228a00624de2334f216f178a995ccdcf82c4634" },
    { url = "https://nexus.corp.clover.com/repository/libs-python/packages/markupsafe/3.0.3/markupsafe-3.0.3-cp314-cp314t-manylinux2014_x86_64.manylinux_2_17_x86_64.manylinux_2_28_x86_64.whl", hash = "sha256:fed51ac40f757d41b7c48425901843666a6677e3e8eb0abcff09e4ba6e664f50" },
    { url = "https://nexus.corp.clover.com/repository/libs-python/packages/markupsafe/3.0.3/markupsafe-3.0.3-cp314-cp314t-manylinux_2_31_riscv64.manylinux_2_39_riscv64.whl", hash = "sha256:f190daf01f13c72eac4efd5c430a8de82489d9cff23c364c3ea822545032993e" },
    { url = "https://nexus.corp.clover.com/repository/libs-python/packages/markupsafe/3.0.3/markupsafe-3.0.3-cp314-cp314t-musllinux_1_2_aarch64.whl", hash = "sha256:e56b7d45a839a697b5eb268c82a71bd8c7f6c94d6fd50c3d577fa39a9f1409f5" },
    { url = "https://nexus.corp.clover.com/repository/libs-python/packages/markupsafe/3.0.3/markupsafe-3.0.3-cp314-cp314t-musllinux_1_2_riscv64.whl", hash = "sha256:f3e98bb3798ead92273dc0e5fd0f31ade220f59a266ffd8a4f6065e0a3ce0523" },
    { url = "https://nexus.corp.clover.com/repository/libs-python/packages/markupsafe/3.0.3/markupsafe-3.0.3-cp314-cp314t-musllinux_1_2_x86_64.whl", hash = "sha256:5678211cb9333a6468fb8d8be0305520aa073f50d17f089b5b4b477ea6e67fdc" },
    { url = "https://nexus.corp.clover.com/repository/libs-python/packages/markupsafe/3.0.3/markupsafe-3.0.3-cp314-cp314t-win32.whl", hash = "sha256:915c04ba3851909ce68ccc2b8e2cd691618c4dc4c4232fb7982bca3f41fd8c3d" },
    { url = "https://nexus.corp.clover.com/repository/libs-python/packages/markupsafe/3.0.3/markupsafe-3.0.3-cp314-cp314t-win_amd64.whl", hash = "sha256:4faffd047e07c38848ce017e8725090413cd80cbc23d86e55c587bf979e579c9" },
    { url = "https://nexus.corp.clover.com/repository/libs-python/packages/markupsafe/3.0.3/markupsafe-3.0.3-cp314-cp314t-win_arm64.whl", hash = "sha256:32001d6a8fc98c8cb5c947787c5d08b0a50663d139f1305bac5885d98d9b40fa" },
]

[[package]]
name = "mdurl"
version = "0.1.2"
source = { registry = "https://nexus.corp.clover.com/repository/libs-python/simple" }
sdist = { url = "https://nexus.corp.clover.com/repository/libs-python/packages/mdurl/0.1.2/mdurl-0.1.2.tar.gz", hash = "sha256:bb413d29f5eea38f31dd4754dd7377d4465116fb207585f97bf925588687c1ba" }
wheels = [
    { url = "https://nexus.corp.clover.com/repository/libs-python/packages/mdurl/0.1.2/mdurl-0.1.2-py3-none-any.whl", hash = "sha256:84008a41e51615a49fc9966191ff91509e3c40b939176e643fd50a5c2196b8f8" },
]

[[package]]
name = "packaging"
version = "26.3"
source = { registry = "https://nexus.corp.clover.com/repository/libs-python/simple" }
sdist = { url = "https://nexus.corp.clover.com/repository/libs-python/packages/packaging/26.3/packaging-26.3.tar.gz", hash = "sha256:94edc256424af38762eb31306eed28beb9f0efc50a8837492c9d6fd6004aed79" }
wheels = [
    { url = "https://nexus.corp.clover.com/repository/libs-python/packages/packaging/26.3/packaging-26.3-py3-none-any.whl", hash = "sha256:d7193f7c8e4e93f444fde0262bf90af30e16fa0ad0ad44cb553c87339b23cd1c" },
]

[[package]]
name = "pluggy"
version = "1.6.0"
source = { registry = "https://nexus.corp.clover.com/repository/libs-python/simple" }
sdist = { url = "https://nexus.corp.clover.com/repository/libs-python/packages/pluggy/1.6.0/pluggy-1.6.0.tar.gz", hash = "sha256:7dcc130b76258d33b90f61b658791dede3486c3e6bfb003ee5c9bfb396dd22f3" }
wheels = [
    { url = "https://nexus.corp.clover.com/repository/libs-python/packages/pluggy/1.6.0/pluggy-1.6.0-py3-none-any.whl", hash = "sha256:e920276dd6813095e9377c0bc5566d94c932c33b27a3e3945d8389c374dd4746" },
]

[[package]]
name = "pydantic"
version = "2.13.5"
source = { registry = "https://nexus.corp.clover.com/repository/libs-python/simple" }
dependencies = [
    { name = "annotated-types" },
    { name = "pydantic-core" },
    { name = "typing-extensions" },
    { name = "typing-inspection" },
]
sdist = { url = "https://nexus.corp.clover.com/repository/libs-python/packages/pydantic/2.13.5/pydantic-2.13.5.tar.gz", hash = "sha256:51a9c5f7b2f8e636f04c6cada605d9b6a3bf1348fdf945a3d8869b19bba0ee08" }
wheels = [
    { url = "https://nexus.corp.clover.com/repository/libs-python/packages/pydantic/2.13.5/pydantic-2.13.5-py3-none-any.whl", hash = "sha256:346a034f080da3755d8e9cb5e00e8b07de1d39e4f6e2c87d8ab7cafa0b269a73" },
]

[[package]]
name = "pydantic-core"
version = "2.46.5"
source = { registry = "https://nexus.corp.clover.com/repository/libs-python/simple" }
dependencies = [
    { name = "typing-extensions" },
]
sdist = { url = "https://nexus.corp.clover.com/repository/libs-python/packages/pydantic-core/2.46.5/pydantic_core-2.46.5.tar.gz", hash = "sha256:10416c15b8839ecc4ef4d0885da76da6fd0f67333a0eb8aff6d93c4b8f2910fc" }
wheels = [
    { url = "https://nexus.corp.clover.com/repository/libs-python/packages/pydantic-core/2.46.5/pydantic_core-2.46.5-cp314-cp314-macosx_10_12_x86_64.whl", hash = "sha256:c1c43ad4339643d70ebb8124e1305a7dab423001eff58bb41a0f731adbc98355" },
    { url = "https://nexus.corp.clover.com/repository/libs-python/packages/pydantic-core/2.46.5/pydantic_core-2.46.5-cp314-cp314-macosx_11_0_arm64.whl", hash = "sha256:1a353f84de772f423b5ffb11d7ae352fbbef0f446f3c0b0af0f8236d7233606e" },
    { url = "https://nexus.corp.clover.com/repository/libs-python/packages/pydantic-core/2.46.5/pydantic_core-2.46.5-cp314-cp314-manylinux_2_17_aarch64.manylinux2014_aarch64.whl", hash = "sha256:5086029a57366b8cf81b130a43908738095c270c21a8d7f0e8bdfdb89718e2f3" },
    { url = "https://nexus.corp.clover.com/repository/libs-python/packages/pydantic-core/2.46.5/pydantic_core-2.46.5-cp314-cp314-manylinux_2_17_armv7l.manylinux2014_armv7l.whl", hash = "sha256:46c25dda9d092a06c08db76ffe0a197107904d0dfac653f7d5306bbcd6d6119c" },
    { url = "https://nexus.corp.clover.com/repository/libs-python/packages/pydantic-core/2.46.5/pydantic_core-2.46.5-cp314-cp314-manylinux_2_17_ppc64le.manylinux2014_ppc64le.whl", hash = "sha256:37ea7b83c935e5b0d68c9449b82651accf78a10828b2c02b2f2d9e9496446c21" },
    { url = "https://nexus.corp.clover.com/repository/libs-python/packages/pydantic-core/2.46.5/pydantic_core-2.46.5-cp314-cp314-manylinux_2_17_s390x.manylinux2014_s390x.whl", hash = "sha256:e64e88d5585bea9ce95861079de72006c7fa6d3df4e3a3b65ba31eb979c15c9f" },
    { url = "https://nexus.corp.clover.com/repository/libs-python/packages/pydantic-core/2.46.5/pydantic_core-2.46.5-cp314-cp314-manylinux_2_17_x86_64.manylinux2014_x86_64.whl", hash = "sha256:54d510bac3ee52247af28ed4bb18a1e799f040ac60fd2bf5ccd4c92f1fbe786f" },
    { url = "https://nexus.corp.clover.com/repository/libs-python/packages/pydantic-core/2.46.5/pydantic_core-2.46.5-cp314-cp314-manylinux_2_31_riscv64.whl", hash = "sha256:a2a5e1d0ff29adddc9f6d6821a66302e4493f8ca898b715b6b1182c2c201ea0a" },
    { url = "https://nexus.corp.clover.com/repository/libs-python/packages/pydantic-core/2.46.5/pydantic_core-2.46.5-cp314-cp314-manylinux_2_5_i686.manylinux1_i686.whl", hash = "sha256:03b9666e41e35d8909852ba191a0607520f81b74eaf12ccf8737005dbb313821" },
    { url = "https://nexus.corp.clover.com/repository/libs-python/packages/pydantic-core/2.46.5/pydantic_core-2.46.5-cp314-cp314-musllinux_1_1_aarch64.whl", hash = "sha256:a91c17edf6eea2402cb5457b4c89e99bc5ed1004aa34c4adf1d4258c1a5c22c2" },
    { url = "https://nexus.corp.clover.com/repository/libs-python/packages/pydantic-core/2.46.5/pydantic_core-2.46.5-cp314-cp314-musllinux_1_1_armv7l.whl", hash = "sha256:b49924c73a235e969511bf2aabdff3beebf9820931f646c80274d5d780010c47" },
    { url = "https://nexus.corp.clover.com/repository/libs-python/packages/pydantic-core/2.46.5/pydantic_core-2.46.5-cp314-cp314-musllinux_1_1_x86_64.whl", hash = "sha256:2cbd9a5eff05e51c447c34dfa4632145b26b09120cf04bd0c871e44c1a5e1c9a" },
    { url = "https://nexus.corp.clover.com/repository/libs-python/packages/pydantic-core/2.46.5/pydantic_core-2.46.5-cp314-cp314-win32.whl", hash = "sha256:2d5d76654becf5efd62c9e51c3756c67b49498b0c9a40884934c40807adbd074" },
    { url = "https://nexus.corp.clover.com/repository/libs-python/packages/pydantic-core/2.46.5/pydantic_core-2.46.5-cp314-cp314-win_amd64.whl", hash = "sha256:fa10ef4112775900e7a0661068635eb67b2ab824fbde764de6e0e21982a93db0" },
    { url = "https://nexus.corp.clover.com/repository/libs-python/packages/pydantic-core/2.46.5/pydantic_core-2.46.5-cp314-cp314-win_arm64.whl", hash = "sha256:045ab3b6d308439e32b81cc173bba5b9018bc6ed896afd0c65b3b009b1699af5" },
    { url = "https://nexus.corp.clover.com/repository/libs-python/packages/pydantic-core/2.46.5/pydantic_core-2.46.5-cp314-cp314t-macosx_10_12_x86_64.whl", hash = "sha256:8816f3d218beb4b787de5c9759c259b8fa61f9dec42dc7811f320a33771778b7" },
    { url = "https://nexus.corp.clover.com/repository/libs-python/packages/pydantic-core/2.46.5/pydantic_core-2.46.5-cp314-cp314t-macosx_11_0_arm64.whl", hash = "sha256:bce57638e08ac148e5778cce7feb968307a727d66f8e2274a543d0cf0c9ad6a3" },
    { url = "https://nexus.corp.clover.com/repository/libs-python/packages/pydantic-core/2.46.5/pydantic_core-2.46.5-cp314-cp314t-manylinux_2_17_aarch64.manylinux2014_aarch64.whl", hash = "sha256:976e1128455aa595ea04c79ccfedff1aaeab96ee013fcc916bed120c4f0ad94f" },
    { url = "https://nexus.corp.clover.com/repository/libs-python/packages/pydantic-core/2.46.5/pydantic_core-2.46.5-cp314-cp314t-manylinux_2_17_armv7l.manylinux2014_armv7l.whl", hash = "sha256:e7b891faeedeafba41b2983e5001a81b6a915b69544c7e7570d1989ce1c36ac7" },
    { url = "https://nexus.corp.clover.com/repository/libs-python/packages/pydantic-core/2.46.5/pydantic_core-2.46.5-cp314-cp314t-manylinux_2_17_ppc64le.manylinux2014_ppc64le.whl", hash = "sha256:5f194189415698233dd1114a093a9b56e61e2c57e11b469be3b0506f46f0771c" },
    { url = "https://nexus.corp.clover.com/repository/libs-python/packages/pydantic-core/2.46.5/pydantic_core-2.46.5-cp314-cp314t-manylinux_2_17_s390x.manylinux2014_s390x.whl", hash = "sha256:82a36973cf8a2ef5406f4fe2edbf8ed0c99629535d959e0b100c76a32535a111" },
    { url = "https://nexus.corp.clover.com/repository/libs-python/packages/pydantic-core/2.46.5/pydantic_core-2.46.5-cp314-cp314t-manylinux_2_17_x86_64.manylinux2014_x86_64.whl", hash = "sha256:cdbb78909f52b981d3b2d56b97328d71eb0b974c36bd77c920123a7ebb192829" },
    { url = "https://nexus.corp.clover.com/repository/libs-python/packages/pydantic-core/2.46.5/pydantic_core-2.46.5-cp314-cp314t-manylinux_2_31_riscv64.whl", hash = "sha256:52e24eacdb536cade636aa90fb851835222becff8484b7001fdc78cb0290f2aa" },
    { url = "https://nexus.corp.clover.com/repository/libs-python/packages/pydantic-core/2.46.5/pydantic_core-2.46.5-cp314-cp314t-manylinux_2_5_i686.manylinux1_i686.whl", hash = "sha256:37ae34309d7bd8c0d61ab839668058f2a7962ea1fc51d105d2db228fe0618034" },
    { url = "https://nexus.corp.clover.com/repository/libs-python/packages/pydantic-core/2.46.5/pydantic_core-2.46.5-cp314-cp314t-musllinux_1_1_aarch64.whl", hash = "sha256:0cdbada856a1c69a7624a64d3d9aefe79300bd6ef827b43a4f265010b9b55184" },
    { url = "https://nexus.corp.clover.com/repository/libs-python/packages/pydantic-core/2.46.5/pydantic_core-2.46.5-cp314-cp314t-musllinux_1_1_armv7l.whl", hash = "sha256:545f26c504b27c3758439a5e6d9349931f0a04f855668d5fe323c89e82300a38" },
    { url = "https://nexus.corp.clover.com/repository/libs-python/packages/pydantic-core/2.46.5/pydantic_core-2.46.5-cp314-cp314t-musllinux_1_1_x86_64.whl", hash = "sha256:ff218293c9c806138dca139765e3b067621be52bcd93cdc14c7711be7ddc90a9" },
    { url = "https://nexus.corp.clover.com/repository/libs-python/packages/pydantic-core/2.46.5/pydantic_core-2.46.5-cp314-cp314t-win32.whl", hash = "sha256:97cf3eb53a8cccacf9d46686a0926186c9bfb5574f2ed66d3639d5fe117cd3a9" },
    { url = "https://nexus.corp.clover.com/repository/libs-python/packages/pydantic-core/2.46.5/pydantic_core-2.46.5-cp314-cp314t-win_amd64.whl", hash = "sha256:d2f9fc07a8042a8f95925b35c4f04f469707c981fc33245b6ca187cf5d2dd290" },
    { url = "https://nexus.corp.clover.com/repository/libs-python/packages/pydantic-core/2.46.5/pydantic_core-2.46.5-cp314-cp314t-win_arm64.whl", hash = "sha256:acf8a67ba51f4ca9ddbd0e6b3000a65ac51ab734661778b3e7ba64d99a710f2f" },
]

[[package]]
name = "pygments"
version = "2.21.0"
source = { registry = "https://nexus.corp.clover.com/repository/libs-python/simple" }
sdist = { url = "https://nexus.corp.clover.com/repository/libs-python/packages/pygments/2.21.0/pygments-2.21.0.tar.gz", hash = "sha256:610ca751c9bc2492b38eb9a38a7fbc93edbbb2d7182edaf34e66ae493dee5c8c" }
wheels = [
    { url = "https://nexus.corp.clover.com/repository/libs-python/packages/pygments/2.21.0/pygments-2.21.0-py3-none-any.whl", hash = "sha256:2363c69b61c4a97c838da3b130dcd6468f4848992b21a82f2a63ec34377137d9" },
]

[[package]]
name = "pytest"
version = "9.1.1"
source = { registry = "https://nexus.corp.clover.com/repository/libs-python/simple" }
dependencies = [
    { name = "colorama", marker = "sys_platform == 'win32'" },
    { name = "iniconfig" },
    { name = "packaging" },
    { name = "pluggy" },
    { name = "pygments" },
]
sdist = { url = "https://nexus.corp.clover.com/repository/libs-python/packages/pytest/9.1.1/pytest-9.1.1.tar.gz", hash = "sha256:1088fbde8f2b49d95a549a195707afa7a76a3ce9bcadc26b6d71f0ffda5fe313" }
wheels = [
    { url = "https://nexus.corp.clover.com/repository/libs-python/packages/pytest/9.1.1/pytest-9.1.1-py3-none-any.whl", hash = "sha256:37a86b45efb9a47a61a36449063e8e18d0cab3161329fc099eb21783169c4f0c" },
]

[[package]]
name = "pyyaml"
version = "6.0.3"
source = { registry = "https://nexus.corp.clover.com/repository/libs-python/simple" }
sdist = { url = "https://nexus.corp.clover.com/repository/libs-python/packages/pyyaml/6.0.3/pyyaml-6.0.3.tar.gz", hash = "sha256:d76623373421df22fb4cf8817020cbb7ef15c725b9d5e45f17e189bfc384190f" }
wheels = [
    { url = "https://nexus.corp.clover.com/repository/libs-python/packages/pyyaml/6.0.3/pyyaml-6.0.3-cp314-cp314-macosx_10_13_x86_64.whl", hash = "sha256:8d1fab6bb153a416f9aeb4b8763bc0f22a5586065f86f7664fc23339fc1c1fac" },
    { url = "https://nexus.corp.clover.com/repository/libs-python/packages/pyyaml/6.0.3/pyyaml-6.0.3-cp314-cp314-macosx_11_0_arm64.whl", hash = "sha256:34d5fcd24b8445fadc33f9cf348c1047101756fd760b4dacb5c3e99755703310" },
    { url = "https://nexus.corp.clover.com/repository/libs-python/packages/pyyaml/6.0.3/pyyaml-6.0.3-cp314-cp314-manylinux2014_aarch64.manylinux_2_17_aarch64.manylinux_2_28_aarch64.whl", hash = "sha256:501a031947e3a9025ed4405a168e6ef5ae3126c59f90ce0cd6f2bfc477be31b7" },
    { url = "https://nexus.corp.clover.com/repository/libs-python/packages/pyyaml/6.0.3/pyyaml-6.0.3-cp314-cp314-manylinux2014_s390x.manylinux_2_17_s390x.manylinux_2_28_s390x.whl", hash = "sha256:b3bc83488de33889877a0f2543ade9f70c67d66d9ebb4ac959502e12de895788" },
    { url = "https://nexus.corp.clover.com/repository/libs-python/packages/pyyaml/6.0.3/pyyaml-6.0.3-cp314-cp314-manylinux2014_x86_64.manylinux_2_17_x86_64.manylinux_2_28_x86_64.whl", hash = "sha256:c458b6d084f9b935061bc36216e8a69a7e293a2f1e68bf956dcd9e6cbcd143f5" },
    { url = "https://nexus.corp.clover.com/repository/libs-python/packages/pyyaml/6.0.3/pyyaml-6.0.3-cp314-cp314-musllinux_1_2_aarch64.whl", hash = "sha256:7c6610def4f163542a622a73fb39f534f8c101d690126992300bf3207eab9764" },
    { url = "https://nexus.corp.clover.com/repository/libs-python/packages/pyyaml/6.0.3/pyyaml-6.0.3-cp314-cp314-musllinux_1_2_x86_64.whl", hash = "sha256:5190d403f121660ce8d1d2c1bb2ef1bd05b5f68533fc5c2ea899bd15f4399b35" },
    { url = "https://nexus.corp.clover.com/repository/libs-python/packages/pyyaml/6.0.3/pyyaml-6.0.3-cp314-cp314-win_amd64.whl", hash = "sha256:4a2e8cebe2ff6ab7d1050ecd59c25d4c8bd7e6f400f5f82b96557ac0abafd0ac" },
    { url = "https://nexus.corp.clover.com/repository/libs-python/packages/pyyaml/6.0.3/pyyaml-6.0.3-cp314-cp314-win_arm64.whl", hash = "sha256:93dda82c9c22deb0a405ea4dc5f2d0cda384168e466364dec6255b293923b2f3" },
    { url = "https://nexus.corp.clover.com/repository/libs-python/packages/pyyaml/6.0.3/pyyaml-6.0.3-cp314-cp314t-macosx_10_13_x86_64.whl", hash = "sha256:02893d100e99e03eda1c8fd5c441d8c60103fd175728e23e431db1b589cf5ab3" },
    { url = "https://nexus.corp.clover.com/repository/libs-python/packages/pyyaml/6.0.3/pyyaml-6.0.3-cp314-cp314t-macosx_11_0_arm64.whl", hash = "sha256:c1ff362665ae507275af2853520967820d9124984e0f7466736aea23d8611fba" },
    { url = "https://nexus.corp.clover.com/repository/libs-python/packages/pyyaml/6.0.3/pyyaml-6.0.3-cp314-cp314t-manylinux2014_aarch64.manylinux_2_17_aarch64.manylinux_2_28_aarch64.whl", hash = "sha256:6adc77889b628398debc7b65c073bcb99c4a0237b248cacaf3fe8a557563ef6c" },
    { url = "https://nexus.corp.clover.com/repository/libs-python/packages/pyyaml/6.0.3/pyyaml-6.0.3-cp314-cp314t-manylinux2014_s390x.manylinux_2_17_s390x.manylinux_2_28_s390x.whl", hash = "sha256:a80cb027f6b349846a3bf6d73b5e95e782175e52f22108cfa17876aaeff93702" },
    { url = "https://nexus.corp.clover.com/repository/libs-python/packages/pyyaml/6.0.3/pyyaml-6.0.3-cp314-cp314t-manylinux2014_x86_64.manylinux_2_17_x86_64.manylinux_2_28_x86_64.whl", hash = "sha256:00c4bdeba853cc34e7dd471f16b4114f4162dc03e6b7afcc2128711f0eca823c" },
    { url = "https://nexus.corp.clover.com/repository/libs-python/packages/pyyaml/6.0.3/pyyaml-6.0.3-cp314-cp314t-musllinux_1_2_aarch64.whl", hash = "sha256:66e1674c3ef6f541c35191caae2d429b967b99e02040f5ba928632d9a7f0f065" },
    { url = "https://nexus.corp.clover.com/repository/libs-python/packages/pyyaml/6.0.3/pyyaml-6.0.3-cp314-cp314t-musllinux_1_2_x86_64.whl", hash = "sha256:16249ee61e95f858e83976573de0f5b2893b3677ba71c9dd36b9cf8be9ac6d65" },
    { url = "https://nexus.corp.clover.com/repository/libs-python/packages/pyyaml/6.0.3/pyyaml-6.0.3-cp314-cp314t-win_amd64.whl", hash = "sha256:4ad1906908f2f5ae4e5a8ddfce73c320c2a1429ec52eafd27138b7f1cbe341c9" },
    { url = "https://nexus.corp.clover.com/repository/libs-python/packages/pyyaml/6.0.3/pyyaml-6.0.3-cp314-cp314t-win_arm64.whl", hash = "sha256:ebc55a14a21cb14062aa4162f906cd962b28e2e9ea38f9b4391244cd8de4ae0b" },
]

[[package]]
name = "rich"
version = "15.0.0"
source = { registry = "https://nexus.corp.clover.com/repository/libs-python/simple" }
dependencies = [
    { name = "markdown-it-py" },
    { name = "pygments" },
]
sdist = { url = "https://nexus.corp.clover.com/repository/libs-python/packages/rich/15.0.0/rich-15.0.0.tar.gz", hash = "sha256:edd07a4824c6b40189fb7ac9bc4c52536e9780fbbfbddf6f1e2502c31b068c36" }
wheels = [
    { url = "https://nexus.corp.clover.com/repository/libs-python/packages/rich/15.0.0/rich-15.0.0-py3-none-any.whl", hash = "sha256:33bd4ef74232fb73fe9279a257718407f169c09b78a87ad3d296f548e27de0bb" },
]

[[package]]
name = "rich-click"
version = "1.9.8"
source = { registry = "https://nexus.corp.clover.com/repository/libs-python/simple" }
dependencies = [
    { name = "click" },
    { name = "colorama", marker = "sys_platform == 'win32'" },
    { name = "rich" },
]
sdist = { url = "https://nexus.corp.clover.com/repository/libs-python/packages/rich-click/1.9.8/rich_click-1.9.8.tar.gz", hash = "sha256:4008f921da88b5d91646c134ec881c1500e5a6b3f093e90e8f29400e09608371" }
wheels = [
    { url = "https://nexus.corp.clover.com/repository/libs-python/packages/rich-click/1.9.8/rich_click-1.9.8-py3-none-any.whl", hash = "sha256:12873865396e6927835d4eabb1cc3996edcd65b7ac9b2391a29eca4f335a2f93" },
]

[[package]]
name = "typed-settings"
version = "25.3.0"
source = { registry = "https://nexus.corp.clover.com/repository/libs-python/simple" }
sdist = { url = "https://nexus.corp.clover.com/repository/libs-python/packages/typed-settings/25.3.0/typed_settings-25.3.0.tar.gz", hash = "sha256:865eb52c3184f467705645a1e58db9d719e08b9d7957448a2ad8cbbc22ed21a6" }
wheels = [
    { url = "https://nexus.corp.clover.com/repository/libs-python/packages/typed-settings/25.3.0/typed_settings-25.3.0-py3-none-any.whl", hash = "sha256:8fe578c84ae2e44f6e8bdde256d2449fbff45f47dca3c4092aeee03900efc12c" },
]

[package.optional-dependencies]
attrs = [
    { name = "attrs" },
]
cattrs = [
    { name = "cattrs" },
]
click = [
    { name = "click" },
]

[[package]]
name = "typing-extensions"
version = "4.16.0"
source = { registry = "https://nexus.corp.clover.com/repository/libs-python/simple" }
sdist = { url = "https://nexus.corp.clover.com/repository/libs-python/packages/typing-extensions/4.16.0/typing_extensions-4.16.0.tar.gz", hash = "sha256:dc983d19a509c94dba722ee6abd33940f7c05a89e243c47e907eb4db6f1a43e5" }
wheels = [
    { url = "https://nexus.corp.clover.com/repository/libs-python/packages/typing-extensions/4.16.0/typing_extensions-4.16.0-py3-none-any.whl", hash = "sha256:481caa481374e813c1b176ada14e97f1f67a4539ce9cfeb3f350d78d6370c2e8" },
]

[[package]]
name = "typing-inspection"
version = "0.4.4"
source = { registry = "https://nexus.corp.clover.com/repository/libs-python/simple" }
dependencies = [
    { name = "typing-extensions" },
]
sdist = { url = "https://nexus.corp.clover.com/repository/libs-python/packages/typing-inspection/0.4.4/typing_inspection-0.4.4.tar.gz", hash = "sha256:547274fa6b0a561ccf549cc9524b999a578e737d015d8709d021f9d0d13bea47" }
wheels = [
    { url = "https://nexus.corp.clover.com/repository/libs-python/packages/typing-inspection/0.4.4/typing_inspection-0.4.4-py3-none-any.whl", hash = "sha256:65b8397ba37ccbce054456aaccddfc91e6e3083c92824df348d96ca832f3f147" },
]
